
Microsoft Visual Studio Solution File, Format Version 12.00
# Visual Studio 15
VisualStudioVersion = 15.0.28010.2050
MinimumVisualStudioVersion = 10.0.40219.1
Project("{8BC9CEB8-8B4A-11D0-8D11-00A0C91BC942}") = "concurrent2", "concurrent2\concurrent2.vcxproj", "{21FEF3D2-F7DD-4560-BB94-B32284CC9575}"
EndProject
Global
	GlobalSection(SolutionConfigurationPlatforms) = preSolution
		Debug|x64 = Debug|x64
		Debug|x86 = Debug|x86
		Release|x64 = Release|x64
		Release|x86 = Release|x86
	EndGlobalSection
	GlobalSection(ProjectConfigurationPlatforms) = postSolution
		{21FEF3D2-F7DD-4560-BB94-B32284CC9575}.Debug|x64.ActiveCfg = Debug|x64
		{21FEF3D2-F7DD-4560-BB94-B32284CC9575}.Debug|x64.Build.0 = Debug|x64
		{21FEF3D2-F7DD-4560-BB94-B32284CC9575}.Debug|x86.ActiveCfg = Debug|Win32
		{21FEF3D2-F7DD-4560-BB94-B32284CC9575}.Debug|x86.Build.0 = Debug|Win32
		{21FEF3D2-F7DD-4560-BB94-B32284CC9575}.Release|x64.ActiveCfg = Release|x64
		{21FEF3D2-F7DD-4560-BB94-B32284CC9575}.Release|x64.Build.0 = Release|x64
		{21FEF3D2-F7DD-4560-BB94-B32284CC9575}.Release|x86.ActiveCfg = Release|Win32
		{21FEF3D2-F7DD-4560-BB94-B32284CC9575}.Release|x86.Build.0 = Release|Win32
	EndGlobalSection
	GlobalSection(SolutionProperties) = preSolution
		HideSolutionNode = FALSE
	EndGlobalSection
	GlobalSection(ExtensibilityGlobals) = postSolution
		SolutionGuid = {03BF94F2-5CE3-4D43-9E0C-DCF4D074D810}
	EndGlobalSection
EndGlobal
