
Microsoft Visual Studio Solution File, Format Version 12.00
# Visual Studio 15
VisualStudioVersion = 15.0.28307.329
MinimumVisualStudioVersion = 10.0.40219.1
Project("{8BC9CEB8-8B4A-11D0-8D11-00A0C91BC942}") = "concurrent5", "concurrent5\concurrent5.vcxproj", "{D0B0865D-DD8E-4012-8364-FEC2BA343537}"
EndProject
Global
	GlobalSection(SolutionConfigurationPlatforms) = preSolution
		Debug|x64 = Debug|x64
		Debug|x86 = Debug|x86
		Release|x64 = Release|x64
		Release|x86 = Release|x86
	EndGlobalSection
	GlobalSection(ProjectConfigurationPlatforms) = postSolution
		{D0B0865D-DD8E-4012-8364-FEC2BA343537}.Debug|x64.ActiveCfg = Debug|x64
		{D0B0865D-DD8E-4012-8364-FEC2BA343537}.Debug|x64.Build.0 = Debug|x64
		{D0B0865D-DD8E-4012-8364-FEC2BA343537}.Debug|x86.ActiveCfg = Debug|Win32
		{D0B0865D-DD8E-4012-8364-FEC2BA343537}.Debug|x86.Build.0 = Debug|Win32
		{D0B0865D-DD8E-4012-8364-FEC2BA343537}.Release|x64.ActiveCfg = Release|x64
		{D0B0865D-DD8E-4012-8364-FEC2BA343537}.Release|x64.Build.0 = Release|x64
		{D0B0865D-DD8E-4012-8364-FEC2BA343537}.Release|x86.ActiveCfg = Release|Win32
		{D0B0865D-DD8E-4012-8364-FEC2BA343537}.Release|x86.Build.0 = Release|Win32
	EndGlobalSection
	GlobalSection(SolutionProperties) = preSolution
		HideSolutionNode = FALSE
	EndGlobalSection
	GlobalSection(ExtensibilityGlobals) = postSolution
		SolutionGuid = {EAC1C6AA-89EB-46C0-B344-2DA328FEF386}
	EndGlobalSection
EndGlobal
